
Microsoft Visual Studio Solution File, Format Version 12.00
# Visual Studio Version 17
VisualStudioVersion = 17.3.32901.215
MinimumVisualStudioVersion = 10.0.40219.1
Project("{FAE04EC0-301F-11D3-BF4B-00C04F79EFBC}") = "Client", "Client.csproj", "{A3AA0436-71FD-43EC-9BD0-C45863E5303B}"
EndProject
Global
	GlobalSection(SolutionConfigurationPlatforms) = preSolution
		Debug|Any CPU = Debug|Any CPU
		Release|Any CPU = Release|Any CPU
	EndGlobalSection
	GlobalSection(ProjectConfigurationPlatforms) = postSolution
		{A3AA0436-71FD-43EC-9BD0-C45863E5303B}.Debug|Any CPU.ActiveCfg = Debug|Any CPU
		{A3AA0436-71FD-43EC-9BD0-C45863E5303B}.Debug|Any CPU.Build.0 = Debug|Any CPU
		{A3AA0436-71FD-43EC-9BD0-C45863E5303B}.Release|Any CPU.ActiveCfg = Release|Any CPU
		{A3AA0436-71FD-43EC-9BD0-C45863E5303B}.Release|Any CPU.Build.0 = Release|Any CPU
	EndGlobalSection
	GlobalSection(SolutionProperties) = preSolution
		HideSolutionNode = FALSE
	EndGlobalSection
	GlobalSection(ExtensibilityGlobals) = postSolution
		SolutionGuid = {910B4944-A0A1-47E9-855D-FD2C192A4332}
	EndGlobalSection
EndGlobal
